
Microsoft Visual Studio Solution File, Format Version 12.00
# Visual Studio Version 17
VisualStudioVersion = 17.1.32319.34
MinimumVisualStudioVersion = 10.0.40219.1
Project("{FAE04EC0-301F-11D3-BF4B-00C04F79EFBC}") = "miniPaint2", "miniPaint2\miniPaint2.csproj", "{7FB0B03B-2EB7-4FB0-925D-D906D95D9BB7}"
EndProject
Global
	GlobalSection(SolutionConfigurationPlatforms) = preSolution
		Debug|Any CPU = Debug|Any CPU
		Release|Any CPU = Release|Any CPU
	EndGlobalSection
	GlobalSection(ProjectConfigurationPlatforms) = postSolution
		{7FB0B03B-2EB7-4FB0-925D-D906D95D9BB7}.Debug|Any CPU.ActiveCfg = Debug|Any CPU
		{7FB0B03B-2EB7-4FB0-925D-D906D95D9BB7}.Debug|Any CPU.Build.0 = Debug|Any CPU
		{7FB0B03B-2EB7-4FB0-925D-D906D95D9BB7}.Release|Any CPU.ActiveCfg = Release|Any CPU
		{7FB0B03B-2EB7-4FB0-925D-D906D95D9BB7}.Release|Any CPU.Build.0 = Release|Any CPU
	EndGlobalSection
	GlobalSection(SolutionProperties) = preSolution
		HideSolutionNode = FALSE
	EndGlobalSection
	GlobalSection(ExtensibilityGlobals) = postSolution
		SolutionGuid = {F143087D-463B-48A4-8724-FC012E6E38DB}
	EndGlobalSection
EndGlobal
